
Microsoft Visual Studio Solution File, Format Version 12.00
# Visual Studio 15
VisualStudioVersion = 15.0.28307.1525
MinimumVisualStudioVersion = 10.0.40219.1
Project("{FAE04EC0-301F-11D3-BF4B-00C04F79EFBC}") = "test123", "test123\test123.csproj", "{A92E51EF-12FD-400C-A6DD-90693F61FDB1}"
EndProject
Global
	GlobalSection(SolutionConfigurationPlatforms) = preSolution
		Debug|Any CPU = Debug|Any CPU
		Release|Any CPU = Release|Any CPU
	EndGlobalSection
	GlobalSection(ProjectConfigurationPlatforms) = postSolution
		{A92E51EF-12FD-400C-A6DD-90693F61FDB1}.Debug|Any CPU.ActiveCfg = Debug|Any CPU
		{A92E51EF-12FD-400C-A6DD-90693F61FDB1}.Debug|Any CPU.Build.0 = Debug|Any CPU
		{A92E51EF-12FD-400C-A6DD-90693F61FDB1}.Release|Any CPU.ActiveCfg = Release|Any CPU
		{A92E51EF-12FD-400C-A6DD-90693F61FDB1}.Release|Any CPU.Build.0 = Release|Any CPU
	EndGlobalSection
	GlobalSection(SolutionProperties) = preSolution
		HideSolutionNode = FALSE
	EndGlobalSection
	GlobalSection(ExtensibilityGlobals) = postSolution
		SolutionGuid = {96BDD950-9FE2-4772-9FF4-14CAA06DCCA3}
	EndGlobalSection
EndGlobal
